
Microsoft Visual Studio Solution File, Format Version 12.00
# Visual Studio Version 16
VisualStudioVersion = 16.0.29806.167
MinimumVisualStudioVersion = 10.0.40219.1
Project("{2150E333-8FDC-42A3-9474-1A3956D46DE8}") = "Libraries", "Libraries", "{F3EB6BF3-441A-4E02-B568-CBEA7CC3F442}"
EndProject
Project("{2150E333-8FDC-42A3-9474-1A3956D46DE8}") = "Web API", "Web API", "{AADE4B01-190E-4E9C-9BB3-BDF847912761}"
EndProject
Project("{2150E333-8FDC-42A3-9474-1A3956D46DE8}") = "Workers", "Workers", "{198BF500-81D3-48FC-ABC6-44334563E5FA}"
EndProject
Project("{9A19103F-16F7-4668-BE54-9A1E7A4F7556}") = "CodingExam", "Libraries\CodingExam\CodingExam.csproj", "{00DE7416-58C0-4333-9452-37798D77C7E1}"
EndProject
Project("{9A19103F-16F7-4668-BE54-9A1E7A4F7556}") = "CodingExamRdap", "Web API\Workers\CodingExamRdap\CodingExamRdap.csproj", "{AA704A0C-412C-4EE3-B56F-6D46A204AA03}"
EndProject
Project("{9A19103F-16F7-4668-BE54-9A1E7A4F7556}") = "CodingExamGeoLocation", "Web API\Workers\CodingExamGeoLocation\CodingExamGeoLocation.csproj", "{32DCD4A7-7E94-42FA-A958-C36833D34AC2}"
EndProject
Project("{9A19103F-16F7-4668-BE54-9A1E7A4F7556}") = "CodingExamPortScan", "Web API\Workers\CodingExamPortScan\CodingExamPortScan.csproj", "{C18F00EB-DD86-45C9-B54E-EA7B1980D50F}"
EndProject
Project("{9A19103F-16F7-4668-BE54-9A1E7A4F7556}") = "CodingExamPing", "Web API\Workers\CodingExamPing\CodingExamPing.csproj", "{295C9494-FED0-434F-84A8-E7CF7480FAD6}"
EndProject
Project("{9A19103F-16F7-4668-BE54-9A1E7A4F7556}") = "CodingReverseDNS", "Web API\Workers\CodingReverseDNS\CodingReverseDNS.csproj", "{CC6ECF60-5896-41B3-B31E-19F791FAD6D8}"
EndProject
Project("{9A19103F-16F7-4668-BE54-9A1E7A4F7556}") = "CodingExamVirusTotal", "Web API\Workers\CodingExamVirusTotal\CodingExamVirusTotal.csproj", "{46598050-9210-4DCE-ACD4-239EBA207C3C}"
EndProject
Project("{9A19103F-16F7-4668-BE54-9A1E7A4F7556}") = "CodingExamApi", "Web API\CodingExamApi\CodingExamApi.csproj", "{DF4D1F80-20CF-4FBD-9E7F-7003DD3F20DC}"
EndProject
Project("{FAE04EC0-301F-11D3-BF4B-00C04F79EFBC}") = "CodingExamDnsLookup", "Web API\Workers\CodingExamDnsLookup\CodingExamDnsLookup.csproj", "{4A15E2C5-B884-421C-BB64-D4B33C0CAAB2}"
EndProject
Project("{FAE04EC0-301F-11D3-BF4B-00C04F79EFBC}") = "CodingExamDnsPropagation", "Web API\Workers\CodingExamDnsPropagation\CodingExamDnsPropagation.csproj", "{838F90CC-CE51-4BF5-A228-943AAE88FE69}"
EndProject
Project("{9A19103F-16F7-4668-BE54-9A1E7A4F7556}") = "CodingExamAbuseContact", "Web API\Workers\CodingExamAbuseContact\CodingExamAbuseContact.csproj", "{FFDC1F10-2CAF-427C-9527-3B1192E2FDBB}"
EndProject
Project("{FAE04EC0-301F-11D3-BF4B-00C04F79EFBC}") = "CodingExamDomainAvailability", "Web API\Workers\CodingExamDomainAvailability\CodingExamDomainAvailability.csproj", "{EBA04F64-7A3B-45E8-89CB-AF5DF6B2264F}"
EndProject
Project("{FAE04EC0-301F-11D3-BF4B-00C04F79EFBC}") = "CodingExamReverseIp", "Web API\Workers\CodingExamReverseIp\CodingExamReverseIp.csproj", "{3C09CAA1-1104-4B65-A700-6DAE4D04974E}"
EndProject
Project("{FAE04EC0-301F-11D3-BF4B-00C04F79EFBC}") = "CodingExamIpHistoryCheck", "Web API\Workers\CodingExamIpHistoryCheck\CodingExamIpHistoryCheck.csproj", "{48560F54-E875-45A1-91E4-BB554F7ED516}"
EndProject
Project("{2150E333-8FDC-42A3-9474-1A3956D46DE8}") = "Unit Tests", "Unit Tests", "{D615EB9C-EF46-423E-AACF-9648D91AA350}"
EndProject
Project("{FAE04EC0-301F-11D3-BF4B-00C04F79EFBC}") = "CodingExamUnitTest", "Unit Tests\CodingExamUnitTest\CodingExamUnitTest.csproj", "{F77E59B6-65F6-4926-A0E4-4AA7DE0F1DE0}"
EndProject
Global
	GlobalSection(SolutionConfigurationPlatforms) = preSolution
		Debug|Any CPU = Debug|Any CPU
		Release|Any CPU = Release|Any CPU
	EndGlobalSection
	GlobalSection(ProjectConfigurationPlatforms) = postSolution
		{00DE7416-58C0-4333-9452-37798D77C7E1}.Debug|Any CPU.ActiveCfg = Debug|Any CPU
		{00DE7416-58C0-4333-9452-37798D77C7E1}.Debug|Any CPU.Build.0 = Debug|Any CPU
		{00DE7416-58C0-4333-9452-37798D77C7E1}.Release|Any CPU.ActiveCfg = Release|Any CPU
		{00DE7416-58C0-4333-9452-37798D77C7E1}.Release|Any CPU.Build.0 = Release|Any CPU
		{AA704A0C-412C-4EE3-B56F-6D46A204AA03}.Debug|Any CPU.ActiveCfg = Debug|Any CPU
		{AA704A0C-412C-4EE3-B56F-6D46A204AA03}.Debug|Any CPU.Build.0 = Debug|Any CPU
		{AA704A0C-412C-4EE3-B56F-6D46A204AA03}.Release|Any CPU.ActiveCfg = Release|Any CPU
		{AA704A0C-412C-4EE3-B56F-6D46A204AA03}.Release|Any CPU.Build.0 = Release|Any CPU
		{32DCD4A7-7E94-42FA-A958-C36833D34AC2}.Debug|Any CPU.ActiveCfg = Debug|Any CPU
		{32DCD4A7-7E94-42FA-A958-C36833D34AC2}.Debug|Any CPU.Build.0 = Debug|Any CPU
		{32DCD4A7-7E94-42FA-A958-C36833D34AC2}.Release|Any CPU.ActiveCfg = Release|Any CPU
		{32DCD4A7-7E94-42FA-A958-C36833D34AC2}.Release|Any CPU.Build.0 = Release|Any CPU
		{C18F00EB-DD86-45C9-B54E-EA7B1980D50F}.Debug|Any CPU.ActiveCfg = Debug|Any CPU
		{C18F00EB-DD86-45C9-B54E-EA7B1980D50F}.Debug|Any CPU.Build.0 = Debug|Any CPU
		{C18F00EB-DD86-45C9-B54E-EA7B1980D50F}.Release|Any CPU.ActiveCfg = Release|Any CPU
		{C18F00EB-DD86-45C9-B54E-EA7B1980D50F}.Release|Any CPU.Build.0 = Release|Any CPU
		{295C9494-FED0-434F-84A8-E7CF7480FAD6}.Debug|Any CPU.ActiveCfg = Debug|Any CPU
		{295C9494-FED0-434F-84A8-E7CF7480FAD6}.Debug|Any CPU.Build.0 = Debug|Any CPU
		{295C9494-FED0-434F-84A8-E7CF7480FAD6}.Release|Any CPU.ActiveCfg = Release|Any CPU
		{295C9494-FED0-434F-84A8-E7CF7480FAD6}.Release|Any CPU.Build.0 = Release|Any CPU
		{CC6ECF60-5896-41B3-B31E-19F791FAD6D8}.Debug|Any CPU.ActiveCfg = Debug|Any CPU
		{CC6ECF60-5896-41B3-B31E-19F791FAD6D8}.Debug|Any CPU.Build.0 = Debug|Any CPU
		{CC6ECF60-5896-41B3-B31E-19F791FAD6D8}.Release|Any CPU.ActiveCfg = Release|Any CPU
		{CC6ECF60-5896-41B3-B31E-19F791FAD6D8}.Release|Any CPU.Build.0 = Release|Any CPU
		{46598050-9210-4DCE-ACD4-239EBA207C3C}.Debug|Any CPU.ActiveCfg = Debug|Any CPU
		{46598050-9210-4DCE-ACD4-239EBA207C3C}.Debug|Any CPU.Build.0 = Debug|Any CPU
		{46598050-9210-4DCE-ACD4-239EBA207C3C}.Release|Any CPU.ActiveCfg = Release|Any CPU
		{46598050-9210-4DCE-ACD4-239EBA207C3C}.Release|Any CPU.Build.0 = Release|Any CPU
		{DF4D1F80-20CF-4FBD-9E7F-7003DD3F20DC}.Debug|Any CPU.ActiveCfg = Debug|Any CPU
		{DF4D1F80-20CF-4FBD-9E7F-7003DD3F20DC}.Debug|Any CPU.Build.0 = Debug|Any CPU
		{DF4D1F80-20CF-4FBD-9E7F-7003DD3F20DC}.Release|Any CPU.ActiveCfg = Release|Any CPU
		{DF4D1F80-20CF-4FBD-9E7F-7003DD3F20DC}.Release|Any CPU.Build.0 = Release|Any CPU
		{4A15E2C5-B884-421C-BB64-D4B33C0CAAB2}.Debug|Any CPU.ActiveCfg = Debug|Any CPU
		{4A15E2C5-B884-421C-BB64-D4B33C0CAAB2}.Debug|Any CPU.Build.0 = Debug|Any CPU
		{4A15E2C5-B884-421C-BB64-D4B33C0CAAB2}.Release|Any CPU.ActiveCfg = Release|Any CPU
		{4A15E2C5-B884-421C-BB64-D4B33C0CAAB2}.Release|Any CPU.Build.0 = Release|Any CPU
		{838F90CC-CE51-4BF5-A228-943AAE88FE69}.Debug|Any CPU.ActiveCfg = Debug|Any CPU
		{838F90CC-CE51-4BF5-A228-943AAE88FE69}.Debug|Any CPU.Build.0 = Debug|Any CPU
		{838F90CC-CE51-4BF5-A228-943AAE88FE69}.Release|Any CPU.ActiveCfg = Release|Any CPU
		{838F90CC-CE51-4BF5-A228-943AAE88FE69}.Release|Any CPU.Build.0 = Release|Any CPU
		{FFDC1F10-2CAF-427C-9527-3B1192E2FDBB}.Debug|Any CPU.ActiveCfg = Debug|Any CPU
		{FFDC1F10-2CAF-427C-9527-3B1192E2FDBB}.Debug|Any CPU.Build.0 = Debug|Any CPU
		{FFDC1F10-2CAF-427C-9527-3B1192E2FDBB}.Release|Any CPU.ActiveCfg = Release|Any CPU
		{FFDC1F10-2CAF-427C-9527-3B1192E2FDBB}.Release|Any CPU.Build.0 = Release|Any CPU
		{EBA04F64-7A3B-45E8-89CB-AF5DF6B2264F}.Debug|Any CPU.ActiveCfg = Debug|Any CPU
		{EBA04F64-7A3B-45E8-89CB-AF5DF6B2264F}.Debug|Any CPU.Build.0 = Debug|Any CPU
		{EBA04F64-7A3B-45E8-89CB-AF5DF6B2264F}.Release|Any CPU.ActiveCfg = Release|Any CPU
		{EBA04F64-7A3B-45E8-89CB-AF5DF6B2264F}.Release|Any CPU.Build.0 = Release|Any CPU
		{3C09CAA1-1104-4B65-A700-6DAE4D04974E}.Debug|Any CPU.ActiveCfg = Debug|Any CPU
		{3C09CAA1-1104-4B65-A700-6DAE4D04974E}.Debug|Any CPU.Build.0 = Debug|Any CPU
		{3C09CAA1-1104-4B65-A700-6DAE4D04974E}.Release|Any CPU.ActiveCfg = Release|Any CPU
		{3C09CAA1-1104-4B65-A700-6DAE4D04974E}.Release|Any CPU.Build.0 = Release|Any CPU
		{48560F54-E875-45A1-91E4-BB554F7ED516}.Debug|Any CPU.ActiveCfg = Debug|Any CPU
		{48560F54-E875-45A1-91E4-BB554F7ED516}.Debug|Any CPU.Build.0 = Debug|Any CPU
		{48560F54-E875-45A1-91E4-BB554F7ED516}.Release|Any CPU.ActiveCfg = Release|Any CPU
		{48560F54-E875-45A1-91E4-BB554F7ED516}.Release|Any CPU.Build.0 = Release|Any CPU
		{F77E59B6-65F6-4926-A0E4-4AA7DE0F1DE0}.Debug|Any CPU.ActiveCfg = Debug|Any CPU
		{F77E59B6-65F6-4926-A0E4-4AA7DE0F1DE0}.Debug|Any CPU.Build.0 = Debug|Any CPU
		{F77E59B6-65F6-4926-A0E4-4AA7DE0F1DE0}.Release|Any CPU.ActiveCfg = Release|Any CPU
		{F77E59B6-65F6-4926-A0E4-4AA7DE0F1DE0}.Release|Any CPU.Build.0 = Release|Any CPU
	EndGlobalSection
	GlobalSection(SolutionProperties) = preSolution
		HideSolutionNode = FALSE
	EndGlobalSection
	GlobalSection(NestedProjects) = preSolution
		{198BF500-81D3-48FC-ABC6-44334563E5FA} = {AADE4B01-190E-4E9C-9BB3-BDF847912761}
		{00DE7416-58C0-4333-9452-37798D77C7E1} = {F3EB6BF3-441A-4E02-B568-CBEA7CC3F442}
		{AA704A0C-412C-4EE3-B56F-6D46A204AA03} = {198BF500-81D3-48FC-ABC6-44334563E5FA}
		{32DCD4A7-7E94-42FA-A958-C36833D34AC2} = {198BF500-81D3-48FC-ABC6-44334563E5FA}
		{C18F00EB-DD86-45C9-B54E-EA7B1980D50F} = {198BF500-81D3-48FC-ABC6-44334563E5FA}
		{295C9494-FED0-434F-84A8-E7CF7480FAD6} = {198BF500-81D3-48FC-ABC6-44334563E5FA}
		{CC6ECF60-5896-41B3-B31E-19F791FAD6D8} = {198BF500-81D3-48FC-ABC6-44334563E5FA}
		{46598050-9210-4DCE-ACD4-239EBA207C3C} = {198BF500-81D3-48FC-ABC6-44334563E5FA}
		{DF4D1F80-20CF-4FBD-9E7F-7003DD3F20DC} = {AADE4B01-190E-4E9C-9BB3-BDF847912761}
		{4A15E2C5-B884-421C-BB64-D4B33C0CAAB2} = {198BF500-81D3-48FC-ABC6-44334563E5FA}
		{838F90CC-CE51-4BF5-A228-943AAE88FE69} = {198BF500-81D3-48FC-ABC6-44334563E5FA}
		{FFDC1F10-2CAF-427C-9527-3B1192E2FDBB} = {198BF500-81D3-48FC-ABC6-44334563E5FA}
		{EBA04F64-7A3B-45E8-89CB-AF5DF6B2264F} = {198BF500-81D3-48FC-ABC6-44334563E5FA}
		{3C09CAA1-1104-4B65-A700-6DAE4D04974E} = {198BF500-81D3-48FC-ABC6-44334563E5FA}
		{48560F54-E875-45A1-91E4-BB554F7ED516} = {198BF500-81D3-48FC-ABC6-44334563E5FA}
		{F77E59B6-65F6-4926-A0E4-4AA7DE0F1DE0} = {D615EB9C-EF46-423E-AACF-9648D91AA350}
	EndGlobalSection
	GlobalSection(ExtensibilityGlobals) = postSolution
		SolutionGuid = {99FEB3C1-B882-4396-B6EC-32896E597C76}
	EndGlobalSection
EndGlobal
